<Solution>
  <Folder Name="/src/">
    <Project Path="src/PaymentSandbox.Authentication/PaymentSandbox.Authentication.csproj" />
    <Project Path="src/PaymentSandbox.Api/PaymentSandbox.Api.csproj" />
    <Project Path="src/PaymentSandbox.Contracts/PaymentSandbox.Contracts.csproj" />
    <Project Path="src/PaymentSandbox.Domain/PaymentSandbox.Domain.csproj" />
    <Project Path="src/PaymentSandbox.Finality/PaymentSandbox.Finality.csproj" />
    <Project Path="src/PaymentSandbox.Indexer/PaymentSandbox.Indexer.csproj" />
    <Project Path="src/PaymentSandbox.Ledger/PaymentSandbox.Ledger.csproj" />
    <Project Path="src/PaymentSandbox.Orchestrator/PaymentSandbox.Orchestrator.csproj" />
    <Project Path="src/PaymentSandbox.Permits/PaymentSandbox.Permits.csproj" />
    <Project Path="src/PaymentSandbox.Reconciliation/PaymentSandbox.Reconciliation.csproj" />
  </Folder>
  <Folder Name="/tests/">
    <Project Path="tests/PaymentSandbox.Authentication.Tests/PaymentSandbox.Authentication.Tests.csproj" />
    <Project Path="tests/PaymentSandbox.Api.Tests/PaymentSandbox.Api.Tests.csproj" />
    <Project Path="tests/PaymentSandbox.Contracts.Tests/PaymentSandbox.Contracts.Tests.csproj" />
    <Project Path="tests/PaymentSandbox.Domain.Tests/PaymentSandbox.Domain.Tests.csproj" />
    <Project Path="tests/PaymentSandbox.Finality.Tests/PaymentSandbox.Finality.Tests.csproj" />
    <Project Path="tests/PaymentSandbox.Indexer.Tests/PaymentSandbox.Indexer.Tests.csproj" />
    <Project Path="tests/PaymentSandbox.Ledger.Tests/PaymentSandbox.Ledger.Tests.csproj" />
    <Project Path="tests/PaymentSandbox.Orchestrator.Anvil/PaymentSandbox.Orchestrator.Anvil.csproj" />
    <Project Path="tests/PaymentSandbox.Orchestrator.Tests/PaymentSandbox.Orchestrator.Tests.csproj" />
    <Project Path="tests/PaymentSandbox.Permits.Tests/PaymentSandbox.Permits.Tests.csproj" />
    <Project Path="tests/PaymentSandbox.Reconciliation.Tests/PaymentSandbox.Reconciliation.Tests.csproj" />
  </Folder>
</Solution>
