{
  "version": 2,
  "dependencies": {
    "net10.0": {
      "Nethereum.Signer": {
        "type": "Direct",
        "requested": "[6.1.0, )",
        "resolved": "6.1.0",
        "contentHash": "b7RCul4V5wBJsaIL506wkiK03aeI1atktlGaoTXw8kVAGTsKEFo6I+yrQH8f9HRSinJlUxS7oKGOYgdUN1zwsw==",
        "dependencies": {
          "BouncyCastle.Cryptography": "[2.5.1, 3.0.0)",
          "NBitcoin.Secp256k1": "3.1.1",
          "Nethereum.ABI": "6.1.0",
          "Nethereum.Hex": "6.1.0",
          "Nethereum.Model": "6.1.0",
          "Nethereum.RLP": "6.1.0",
          "Nethereum.Util": "6.1.0",
          "Newtonsoft.Json": "[11.0.2, 14.0.0)"
        }
      },
      "Newtonsoft.Json": {
        "type": "Direct",
        "requested": "[13.0.4, )",
        "resolved": "13.0.4",
        "contentHash": "pdgNNMai3zv51W5aq268sujXUyx7SNdE2bj1wZcWjAQrKMFZV260lbqYop1d2GM67JI1huLRwxo9ZqnfF/lC6A=="
      },
      "BouncyCastle.Cryptography": {
        "type": "Transitive",
        "resolved": "2.5.1",
        "contentHash": "zy8TMeTP+1FH2NrLaNZtdRbBdq7u5MI+NFZQOBSM69u5RFkciinwzV2eveY6Kjf5MzgsYvvl6kTStsj3JrXqkg=="
      },
      "NBitcoin.Secp256k1": {
        "type": "Transitive",
        "resolved": "3.1.1",
        "contentHash": "ekF91qDK2+TI9FFhXvjClfUOQ3DWxNhvjh8Eoqawk1KPk/hCURpc8xoyeprtAiIoM5wgPnWeFxQybVWhl2NsHA=="
      },
      "Nethereum.ABI": {
        "type": "Transitive",
        "resolved": "6.1.0",
        "contentHash": "+mTy/L7v+opVJVbj2iCsAFrphOjHgXrmD6cLuB4Dhw8VcJZq9BVfqtk/o4f35goKXFvxlUD+4WPRkQ9gQZUtlw==",
        "dependencies": {
          "Nethereum.Hex": "6.1.0",
          "Nethereum.Util": "6.1.0",
          "Newtonsoft.Json": "[11.0.2, 14.0.0)"
        }
      },
      "Nethereum.Hex": {
        "type": "Transitive",
        "resolved": "6.1.0",
        "contentHash": "GdXoJK9rzlCbpuurwcXiA8zHpH4aUR0tEhxuz1+5ZjbJNgUTFvDyAo0RdymeKXnIpxF5Y6rV7Cj+FjCISPNdbQ==",
        "dependencies": {
          "Newtonsoft.Json": "[11.0.2, 14.0.0)"
        }
      },
      "Nethereum.Model": {
        "type": "Transitive",
        "resolved": "6.1.0",
        "contentHash": "b/L11bxk98M/2qdMFMeMnvKWMSc8dlULhRHzXPfetW3pl+N8miBN2RMgLCXUvoaAZ3i2TCw3iJRw6RWPug6kIQ==",
        "dependencies": {
          "Nethereum.RLP": "6.1.0",
          "Nethereum.Util": "6.1.0",
          "Newtonsoft.Json": "[11.0.2, 14.0.0)"
        }
      },
      "Nethereum.RLP": {
        "type": "Transitive",
        "resolved": "6.1.0",
        "contentHash": "YqruGIsCHitMFh0OmvoRpPQOUlku81GpE5eI4fP7H4kSg+ty3+K/TXh8fXzmyljs75qQbv/Ss0bHxFDiopV51w==",
        "dependencies": {
          "Nethereum.Hex": "6.1.0",
          "Newtonsoft.Json": "[11.0.2, 14.0.0)"
        }
      },
      "Nethereum.Util": {
        "type": "Transitive",
        "resolved": "6.1.0",
        "contentHash": "v1CLFG/p/pSyaZeYLO7x+bToBkfVRWnxmmyX3FRgATStxtbMGjV71RSuDIVmdeIEYKgxlGuPBZkjswUUynNtIg==",
        "dependencies": {
          "Nethereum.Hex": "6.1.0",
          "Nethereum.RLP": "6.1.0",
          "Newtonsoft.Json": "[11.0.2, 14.0.0)"
        }
      },
      "paymentsandbox.domain": {
        "type": "Project"
      }
    }
  }
}